
Microsoft Visual Studio Solution File, Format Version 12.00
Project("{FAE04EC0-301F-11D3-BF4B-00C04F79EFBC}") = "Console_Linq", "Console_Linq.csproj", "{35EF82D6-A91C-4093-B660-0DCFBC5CA706}"
EndProject
Global
	GlobalSection(SolutionConfigurationPlatforms) = preSolution
		Debug|Any CPU = Debug|Any CPU
		Release|Any CPU = Release|Any CPU
	EndGlobalSection
	GlobalSection(ProjectConfigurationPlatforms) = postSolution
		{35EF82D6-A91C-4093-B660-0DCFBC5CA706}.Debug|Any CPU.ActiveCfg = Debug|Any CPU
		{35EF82D6-A91C-4093-B660-0DCFBC5CA706}.Debug|Any CPU.Build.0 = Debug|Any CPU
		{35EF82D6-A91C-4093-B660-0DCFBC5CA706}.Release|Any CPU.ActiveCfg = Release|Any CPU
		{35EF82D6-A91C-4093-B660-0DCFBC5CA706}.Release|Any CPU.Build.0 = Release|Any CPU
	EndGlobalSection
EndGlobal
